
Microsoft Visual Studio Solution File, Format Version 12.00
# Visual Studio Version 17
VisualStudioVersion = 17.8.34309.116
MinimumVisualStudioVersion = 10.0.40219.1
Project("{9A19103F-16F7-4668-BE54-9A1E7A4F7556}") = "Singleton", "Singleton\Singleton.csproj", "{3063B2A0-18E2-455F-9517-D4C7DD71F103}"
EndProject
Project("{9A19103F-16F7-4668-BE54-9A1E7A4F7556}") = "Prototype", "Prototype\Prototype.csproj", "{FEDF8BD4-6D80-4C0F-ACC3-6334FA2C8846}"
EndProject
Project("{9A19103F-16F7-4668-BE54-9A1E7A4F7556}") = "Builder", "Builder\Builder.csproj", "{86DDFED9-7E91-4730-9787-E1B8D03F5C01}"
EndProject
Project("{9A19103F-16F7-4668-BE54-9A1E7A4F7556}") = "SimpleFactory", "SimpleFactory\SimpleFactory.csproj", "{2C4951EA-2EC6-4E0C-B6F3-EDFA16835CF2}"
EndProject
Project("{9A19103F-16F7-4668-BE54-9A1E7A4F7556}") = "FactoryMethod", "FactoryMethod\FactoryMethod.csproj", "{0E8303AF-F909-452F-8CEE-590945EF04DF}"
EndProject
Project("{9A19103F-16F7-4668-BE54-9A1E7A4F7556}") = "AbtractFactory", "AbtractFactory\AbtractFactory.csproj", "{86B59678-8DEB-4C49-9A2A-4521F359BF69}"
EndProject
Project("{9A19103F-16F7-4668-BE54-9A1E7A4F7556}") = "Proxy", "Proxy\Proxy.csproj", "{A3EE27B3-0EE5-46AA-A834-AF69EBA9A329}"
EndProject
Project("{9A19103F-16F7-4668-BE54-9A1E7A4F7556}") = "Decorator", "Decorator\Decorator.csproj", "{0C9C651B-5892-49E8-BCAD-F7CC00219230}"
EndProject
Project("{9A19103F-16F7-4668-BE54-9A1E7A4F7556}") = "Adapter", "Adapter\Adapter.csproj", "{750B36F0-4305-4248-B917-B65D4B09D78A}"
EndProject
Project("{9A19103F-16F7-4668-BE54-9A1E7A4F7556}") = "Facade", "Facade\Facade.csproj", "{5F304FBE-E2C5-4885-BCD2-7F55A863BEA6}"
EndProject
Project("{9A19103F-16F7-4668-BE54-9A1E7A4F7556}") = "Flyweight", "Flyweight\Flyweight.csproj", "{BBFE31E9-9EF4-4033-B6F8-6B42983F6958}"
EndProject
Project("{9A19103F-16F7-4668-BE54-9A1E7A4F7556}") = "Composite", "Composite\Composite.csproj", "{511E2F66-DCF8-49F8-81C4-0AA3339C7F9C}"
EndProject
Project("{9A19103F-16F7-4668-BE54-9A1E7A4F7556}") = "Bridge", "Bridge\Bridge.csproj", "{6C282B36-1268-4C93-9F71-BAC9E7C8F8B6}"
EndProject
Project("{9A19103F-16F7-4668-BE54-9A1E7A4F7556}") = "Visitor", "Visitor\Visitor.csproj", "{ACB72A96-E547-4196-82F8-FFE83FB4CA7D}"
EndProject
Project("{9A19103F-16F7-4668-BE54-9A1E7A4F7556}") = "CombineVisitorWithComposite", "CombineVisitorWithComposite\CombineVisitorWithComposite.csproj", "{AA5ADD03-3D7D-443E-BF12-BE18ED6B57BD}"
EndProject
Project("{9A19103F-16F7-4668-BE54-9A1E7A4F7556}") = "Observer", "Observer\Observer.csproj", "{A024FBD2-424A-4341-A117-20AE281E9978}"
EndProject
Project("{9A19103F-16F7-4668-BE54-9A1E7A4F7556}") = "Strategy", "Strategy\Strategy.csproj", "{950B9B25-ED93-43C8-9A4F-9361CEC82916}"
EndProject
Project("{9A19103F-16F7-4668-BE54-9A1E7A4F7556}") = "TemplateMethod", "TemplateMethod\TemplateMethod.csproj", "{C7481D30-AA39-408E-A852-D9848824636A}"
EndProject
Project("{9A19103F-16F7-4668-BE54-9A1E7A4F7556}") = "Command", "Command\Command.csproj", "{FACE5A60-847B-46D9-9A19-FCC780BE9E12}"
EndProject
Project("{9A19103F-16F7-4668-BE54-9A1E7A4F7556}") = "Iterator", "Iterator\Iterator.csproj", "{71476F90-05E6-40C9-9AD7-C81904CC4DD4}"
EndProject
Project("{9A19103F-16F7-4668-BE54-9A1E7A4F7556}") = "Memento", "Memento\Memento.csproj", "{9B4FEFCC-9CAF-4D1D-A751-083400A8DBF9}"
EndProject
Project("{9A19103F-16F7-4668-BE54-9A1E7A4F7556}") = "State", "State\State.csproj", "{3B932F84-1C36-403A-9FED-D790B75ED39A}"
EndProject
Project("{9A19103F-16F7-4668-BE54-9A1E7A4F7556}") = "Mediator", "Mediator\Mediator.csproj", "{10215265-9960-43A4-A698-0983F828EF34}"
EndProject
Project("{9A19103F-16F7-4668-BE54-9A1E7A4F7556}") = "ChainsOfResponsibility", "ChainsOfResponsibility\ChainsOfResponsibility.csproj", "{EF597862-086D-4660-AFF5-E26D9499F6F3}"
EndProject
Project("{9A19103F-16F7-4668-BE54-9A1E7A4F7556}") = "Interpreter", "Interpreter\Interpreter.csproj", "{70903B0D-ED73-4AB6-B030-F5F59B721804}"
EndProject
Project("{9A19103F-16F7-4668-BE54-9A1E7A4F7556}") = "NullObjectPattern", "NullObjectPattern\NullObjectPattern.csproj", "{19528F18-7152-4A5C-8F30-BC587D06CFD0}"
EndProject
Project("{FAE04EC0-301F-11D3-BF4B-00C04F79EFBC}") = "GarbageCollectionExample", "GarbageCollectionExample\GarbageCollectionExample.csproj", "{913C1593-5334-4827-A718-B246E328E682}"
EndProject
Global
	GlobalSection(SolutionConfigurationPlatforms) = preSolution
		Debug|Any CPU = Debug|Any CPU
		Release|Any CPU = Release|Any CPU
	EndGlobalSection
	GlobalSection(ProjectConfigurationPlatforms) = postSolution
		{3063B2A0-18E2-455F-9517-D4C7DD71F103}.Debug|Any CPU.ActiveCfg = Debug|Any CPU
		{3063B2A0-18E2-455F-9517-D4C7DD71F103}.Debug|Any CPU.Build.0 = Debug|Any CPU
		{3063B2A0-18E2-455F-9517-D4C7DD71F103}.Release|Any CPU.ActiveCfg = Release|Any CPU
		{3063B2A0-18E2-455F-9517-D4C7DD71F103}.Release|Any CPU.Build.0 = Release|Any CPU
		{FEDF8BD4-6D80-4C0F-ACC3-6334FA2C8846}.Debug|Any CPU.ActiveCfg = Debug|Any CPU
		{FEDF8BD4-6D80-4C0F-ACC3-6334FA2C8846}.Debug|Any CPU.Build.0 = Debug|Any CPU
		{FEDF8BD4-6D80-4C0F-ACC3-6334FA2C8846}.Release|Any CPU.ActiveCfg = Release|Any CPU
		{FEDF8BD4-6D80-4C0F-ACC3-6334FA2C8846}.Release|Any CPU.Build.0 = Release|Any CPU
		{86DDFED9-7E91-4730-9787-E1B8D03F5C01}.Debug|Any CPU.ActiveCfg = Debug|Any CPU
		{86DDFED9-7E91-4730-9787-E1B8D03F5C01}.Debug|Any CPU.Build.0 = Debug|Any CPU
		{86DDFED9-7E91-4730-9787-E1B8D03F5C01}.Release|Any CPU.ActiveCfg = Release|Any CPU
		{86DDFED9-7E91-4730-9787-E1B8D03F5C01}.Release|Any CPU.Build.0 = Release|Any CPU
		{2C4951EA-2EC6-4E0C-B6F3-EDFA16835CF2}.Debug|Any CPU.ActiveCfg = Debug|Any CPU
		{2C4951EA-2EC6-4E0C-B6F3-EDFA16835CF2}.Debug|Any CPU.Build.0 = Debug|Any CPU
		{2C4951EA-2EC6-4E0C-B6F3-EDFA16835CF2}.Release|Any CPU.ActiveCfg = Release|Any CPU
		{2C4951EA-2EC6-4E0C-B6F3-EDFA16835CF2}.Release|Any CPU.Build.0 = Release|Any CPU
		{0E8303AF-F909-452F-8CEE-590945EF04DF}.Debug|Any CPU.ActiveCfg = Debug|Any CPU
		{0E8303AF-F909-452F-8CEE-590945EF04DF}.Debug|Any CPU.Build.0 = Debug|Any CPU
		{0E8303AF-F909-452F-8CEE-590945EF04DF}.Release|Any CPU.ActiveCfg = Release|Any CPU
		{0E8303AF-F909-452F-8CEE-590945EF04DF}.Release|Any CPU.Build.0 = Release|Any CPU
		{86B59678-8DEB-4C49-9A2A-4521F359BF69}.Debug|Any CPU.ActiveCfg = Debug|Any CPU
		{86B59678-8DEB-4C49-9A2A-4521F359BF69}.Debug|Any CPU.Build.0 = Debug|Any CPU
		{86B59678-8DEB-4C49-9A2A-4521F359BF69}.Release|Any CPU.ActiveCfg = Release|Any CPU
		{86B59678-8DEB-4C49-9A2A-4521F359BF69}.Release|Any CPU.Build.0 = Release|Any CPU
		{A3EE27B3-0EE5-46AA-A834-AF69EBA9A329}.Debug|Any CPU.ActiveCfg = Debug|Any CPU
		{A3EE27B3-0EE5-46AA-A834-AF69EBA9A329}.Debug|Any CPU.Build.0 = Debug|Any CPU
		{A3EE27B3-0EE5-46AA-A834-AF69EBA9A329}.Release|Any CPU.ActiveCfg = Release|Any CPU
		{A3EE27B3-0EE5-46AA-A834-AF69EBA9A329}.Release|Any CPU.Build.0 = Release|Any CPU
		{0C9C651B-5892-49E8-BCAD-F7CC00219230}.Debug|Any CPU.ActiveCfg = Debug|Any CPU
		{0C9C651B-5892-49E8-BCAD-F7CC00219230}.Debug|Any CPU.Build.0 = Debug|Any CPU
		{0C9C651B-5892-49E8-BCAD-F7CC00219230}.Release|Any CPU.ActiveCfg = Release|Any CPU
		{0C9C651B-5892-49E8-BCAD-F7CC00219230}.Release|Any CPU.Build.0 = Release|Any CPU
		{750B36F0-4305-4248-B917-B65D4B09D78A}.Debug|Any CPU.ActiveCfg = Debug|Any CPU
		{750B36F0-4305-4248-B917-B65D4B09D78A}.Debug|Any CPU.Build.0 = Debug|Any CPU
		{750B36F0-4305-4248-B917-B65D4B09D78A}.Release|Any CPU.ActiveCfg = Release|Any CPU
		{750B36F0-4305-4248-B917-B65D4B09D78A}.Release|Any CPU.Build.0 = Release|Any CPU
		{5F304FBE-E2C5-4885-BCD2-7F55A863BEA6}.Debug|Any CPU.ActiveCfg = Debug|Any CPU
		{5F304FBE-E2C5-4885-BCD2-7F55A863BEA6}.Debug|Any CPU.Build.0 = Debug|Any CPU
		{5F304FBE-E2C5-4885-BCD2-7F55A863BEA6}.Release|Any CPU.ActiveCfg = Release|Any CPU
		{5F304FBE-E2C5-4885-BCD2-7F55A863BEA6}.Release|Any CPU.Build.0 = Release|Any CPU
		{BBFE31E9-9EF4-4033-B6F8-6B42983F6958}.Debug|Any CPU.ActiveCfg = Debug|Any CPU
		{BBFE31E9-9EF4-4033-B6F8-6B42983F6958}.Debug|Any CPU.Build.0 = Debug|Any CPU
		{BBFE31E9-9EF4-4033-B6F8-6B42983F6958}.Release|Any CPU.ActiveCfg = Release|Any CPU
		{BBFE31E9-9EF4-4033-B6F8-6B42983F6958}.Release|Any CPU.Build.0 = Release|Any CPU
		{511E2F66-DCF8-49F8-81C4-0AA3339C7F9C}.Debug|Any CPU.ActiveCfg = Debug|Any CPU
		{511E2F66-DCF8-49F8-81C4-0AA3339C7F9C}.Debug|Any CPU.Build.0 = Debug|Any CPU
		{511E2F66-DCF8-49F8-81C4-0AA3339C7F9C}.Release|Any CPU.ActiveCfg = Release|Any CPU
		{511E2F66-DCF8-49F8-81C4-0AA3339C7F9C}.Release|Any CPU.Build.0 = Release|Any CPU
		{6C282B36-1268-4C93-9F71-BAC9E7C8F8B6}.Debug|Any CPU.ActiveCfg = Debug|Any CPU
		{6C282B36-1268-4C93-9F71-BAC9E7C8F8B6}.Debug|Any CPU.Build.0 = Debug|Any CPU
		{6C282B36-1268-4C93-9F71-BAC9E7C8F8B6}.Release|Any CPU.ActiveCfg = Release|Any CPU
		{6C282B36-1268-4C93-9F71-BAC9E7C8F8B6}.Release|Any CPU.Build.0 = Release|Any CPU
		{ACB72A96-E547-4196-82F8-FFE83FB4CA7D}.Debug|Any CPU.ActiveCfg = Debug|Any CPU
		{ACB72A96-E547-4196-82F8-FFE83FB4CA7D}.Debug|Any CPU.Build.0 = Debug|Any CPU
		{ACB72A96-E547-4196-82F8-FFE83FB4CA7D}.Release|Any CPU.ActiveCfg = Release|Any CPU
		{ACB72A96-E547-4196-82F8-FFE83FB4CA7D}.Release|Any CPU.Build.0 = Release|Any CPU
		{AA5ADD03-3D7D-443E-BF12-BE18ED6B57BD}.Debug|Any CPU.ActiveCfg = Debug|Any CPU
		{AA5ADD03-3D7D-443E-BF12-BE18ED6B57BD}.Debug|Any CPU.Build.0 = Debug|Any CPU
		{AA5ADD03-3D7D-443E-BF12-BE18ED6B57BD}.Release|Any CPU.ActiveCfg = Release|Any CPU
		{AA5ADD03-3D7D-443E-BF12-BE18ED6B57BD}.Release|Any CPU.Build.0 = Release|Any CPU
		{A024FBD2-424A-4341-A117-20AE281E9978}.Debug|Any CPU.ActiveCfg = Debug|Any CPU
		{A024FBD2-424A-4341-A117-20AE281E9978}.Debug|Any CPU.Build.0 = Debug|Any CPU
		{A024FBD2-424A-4341-A117-20AE281E9978}.Release|Any CPU.ActiveCfg = Release|Any CPU
		{A024FBD2-424A-4341-A117-20AE281E9978}.Release|Any CPU.Build.0 = Release|Any CPU
		{950B9B25-ED93-43C8-9A4F-9361CEC82916}.Debug|Any CPU.ActiveCfg = Debug|Any CPU
		{950B9B25-ED93-43C8-9A4F-9361CEC82916}.Debug|Any CPU.Build.0 = Debug|Any CPU
		{950B9B25-ED93-43C8-9A4F-9361CEC82916}.Release|Any CPU.ActiveCfg = Release|Any CPU
		{950B9B25-ED93-43C8-9A4F-9361CEC82916}.Release|Any CPU.Build.0 = Release|Any CPU
		{C7481D30-AA39-408E-A852-D9848824636A}.Debug|Any CPU.ActiveCfg = Debug|Any CPU
		{C7481D30-AA39-408E-A852-D9848824636A}.Debug|Any CPU.Build.0 = Debug|Any CPU
		{C7481D30-AA39-408E-A852-D9848824636A}.Release|Any CPU.ActiveCfg = Release|Any CPU
		{C7481D30-AA39-408E-A852-D9848824636A}.Release|Any CPU.Build.0 = Release|Any CPU
		{FACE5A60-847B-46D9-9A19-FCC780BE9E12}.Debug|Any CPU.ActiveCfg = Debug|Any CPU
		{FACE5A60-847B-46D9-9A19-FCC780BE9E12}.Debug|Any CPU.Build.0 = Debug|Any CPU
		{FACE5A60-847B-46D9-9A19-FCC780BE9E12}.Release|Any CPU.ActiveCfg = Release|Any CPU
		{FACE5A60-847B-46D9-9A19-FCC780BE9E12}.Release|Any CPU.Build.0 = Release|Any CPU
		{71476F90-05E6-40C9-9AD7-C81904CC4DD4}.Debug|Any CPU.ActiveCfg = Debug|Any CPU
		{71476F90-05E6-40C9-9AD7-C81904CC4DD4}.Debug|Any CPU.Build.0 = Debug|Any CPU
		{71476F90-05E6-40C9-9AD7-C81904CC4DD4}.Release|Any CPU.ActiveCfg = Release|Any CPU
		{71476F90-05E6-40C9-9AD7-C81904CC4DD4}.Release|Any CPU.Build.0 = Release|Any CPU
		{9B4FEFCC-9CAF-4D1D-A751-083400A8DBF9}.Debug|Any CPU.ActiveCfg = Debug|Any CPU
		{9B4FEFCC-9CAF-4D1D-A751-083400A8DBF9}.Debug|Any CPU.Build.0 = Debug|Any CPU
		{9B4FEFCC-9CAF-4D1D-A751-083400A8DBF9}.Release|Any CPU.ActiveCfg = Release|Any CPU
		{9B4FEFCC-9CAF-4D1D-A751-083400A8DBF9}.Release|Any CPU.Build.0 = Release|Any CPU
		{3B932F84-1C36-403A-9FED-D790B75ED39A}.Debug|Any CPU.ActiveCfg = Debug|Any CPU
		{3B932F84-1C36-403A-9FED-D790B75ED39A}.Debug|Any CPU.Build.0 = Debug|Any CPU
		{3B932F84-1C36-403A-9FED-D790B75ED39A}.Release|Any CPU.ActiveCfg = Release|Any CPU
		{3B932F84-1C36-403A-9FED-D790B75ED39A}.Release|Any CPU.Build.0 = Release|Any CPU
		{10215265-9960-43A4-A698-0983F828EF34}.Debug|Any CPU.ActiveCfg = Debug|Any CPU
		{10215265-9960-43A4-A698-0983F828EF34}.Debug|Any CPU.Build.0 = Debug|Any CPU
		{10215265-9960-43A4-A698-0983F828EF34}.Release|Any CPU.ActiveCfg = Release|Any CPU
		{10215265-9960-43A4-A698-0983F828EF34}.Release|Any CPU.Build.0 = Release|Any CPU
		{EF597862-086D-4660-AFF5-E26D9499F6F3}.Debug|Any CPU.ActiveCfg = Debug|Any CPU
		{EF597862-086D-4660-AFF5-E26D9499F6F3}.Debug|Any CPU.Build.0 = Debug|Any CPU
		{EF597862-086D-4660-AFF5-E26D9499F6F3}.Release|Any CPU.ActiveCfg = Release|Any CPU
		{EF597862-086D-4660-AFF5-E26D9499F6F3}.Release|Any CPU.Build.0 = Release|Any CPU
		{70903B0D-ED73-4AB6-B030-F5F59B721804}.Debug|Any CPU.ActiveCfg = Debug|Any CPU
		{70903B0D-ED73-4AB6-B030-F5F59B721804}.Debug|Any CPU.Build.0 = Debug|Any CPU
		{70903B0D-ED73-4AB6-B030-F5F59B721804}.Release|Any CPU.ActiveCfg = Release|Any CPU
		{70903B0D-ED73-4AB6-B030-F5F59B721804}.Release|Any CPU.Build.0 = Release|Any CPU
		{19528F18-7152-4A5C-8F30-BC587D06CFD0}.Debug|Any CPU.ActiveCfg = Debug|Any CPU
		{19528F18-7152-4A5C-8F30-BC587D06CFD0}.Debug|Any CPU.Build.0 = Debug|Any CPU
		{19528F18-7152-4A5C-8F30-BC587D06CFD0}.Release|Any CPU.ActiveCfg = Release|Any CPU
		{19528F18-7152-4A5C-8F30-BC587D06CFD0}.Release|Any CPU.Build.0 = Release|Any CPU
		{913C1593-5334-4827-A718-B246E328E682}.Debug|Any CPU.ActiveCfg = Debug|Any CPU
		{913C1593-5334-4827-A718-B246E328E682}.Debug|Any CPU.Build.0 = Debug|Any CPU
		{913C1593-5334-4827-A718-B246E328E682}.Release|Any CPU.ActiveCfg = Release|Any CPU
		{913C1593-5334-4827-A718-B246E328E682}.Release|Any CPU.Build.0 = Release|Any CPU
	EndGlobalSection
	GlobalSection(SolutionProperties) = preSolution
		HideSolutionNode = FALSE
	EndGlobalSection
	GlobalSection(ExtensibilityGlobals) = postSolution
		SolutionGuid = {C15ECE0C-128F-4397-9C29-4550DB15B8EF}
	EndGlobalSection
EndGlobal
